
Microsoft Visual Studio Solution File, Format Version 12.00
# Visual Studio Version 17
VisualStudioVersion = 17.9.34728.123
MinimumVisualStudioVersion = 10.0.40219.1
Project("{FAE04EC0-301F-11D3-BF4B-00C04F79EFBC}") = "Database", "Database.csproj", "{3F05CA8D-44EE-424A-8BAC-4B8B7E2E0CAC}"
EndProject
Global
	GlobalSection(SolutionConfigurationPlatforms) = preSolution
		Debug|Any CPU = Debug|Any CPU
		Release|Any CPU = Release|Any CPU
	EndGlobalSection
	GlobalSection(ProjectConfigurationPlatforms) = postSolution
		{3F05CA8D-44EE-424A-8BAC-4B8B7E2E0CAC}.Debug|Any CPU.ActiveCfg = Debug|Any CPU
		{3F05CA8D-44EE-424A-8BAC-4B8B7E2E0CAC}.Debug|Any CPU.Build.0 = Debug|Any CPU
		{3F05CA8D-44EE-424A-8BAC-4B8B7E2E0CAC}.Release|Any CPU.ActiveCfg = Release|Any CPU
		{3F05CA8D-44EE-424A-8BAC-4B8B7E2E0CAC}.Release|Any CPU.Build.0 = Release|Any CPU
	EndGlobalSection
	GlobalSection(SolutionProperties) = preSolution
		HideSolutionNode = FALSE
	EndGlobalSection
	GlobalSection(ExtensibilityGlobals) = postSolution
		SolutionGuid = {04EF940F-2C27-4EB4-AE1C-965C298ADC21}
	EndGlobalSection
EndGlobal
